
Microsoft Visual Studio Solution File, Format Version 12.00
# Visual Studio Version 16
VisualStudioVersion = 16.0.29519.181
MinimumVisualStudioVersion = 10.0.40219.1
Project("{FAE04EC0-301F-11D3-BF4B-00C04F79EFBC}") = "Casting", "Casting\Casting.csproj", "{B61F414B-6BFB-4353-A947-6A3B9FE41AD7}"
EndProject
Global
	GlobalSection(SolutionConfigurationPlatforms) = preSolution
		Debug|Any CPU = Debug|Any CPU
		Release|Any CPU = Release|Any CPU
	EndGlobalSection
	GlobalSection(ProjectConfigurationPlatforms) = postSolution
		{B61F414B-6BFB-4353-A947-6A3B9FE41AD7}.Debug|Any CPU.ActiveCfg = Debug|Any CPU
		{B61F414B-6BFB-4353-A947-6A3B9FE41AD7}.Debug|Any CPU.Build.0 = Debug|Any CPU
		{B61F414B-6BFB-4353-A947-6A3B9FE41AD7}.Release|Any CPU.ActiveCfg = Release|Any CPU
		{B61F414B-6BFB-4353-A947-6A3B9FE41AD7}.Release|Any CPU.Build.0 = Release|Any CPU
	EndGlobalSection
	GlobalSection(SolutionProperties) = preSolution
		HideSolutionNode = FALSE
	EndGlobalSection
	GlobalSection(ExtensibilityGlobals) = postSolution
		SolutionGuid = {DB610DEC-B0DF-40EE-89C2-2592E6BC0271}
	EndGlobalSection
EndGlobal
